
Microsoft Visual Studio Solution File, Format Version 12.00
# Visual Studio Version 17
VisualStudioVersion = 17.14.36401.2
MinimumVisualStudioVersion = 10.0.40219.1
Project("{FAE04EC0-301F-11D3-BF4B-00C04F79EFBC}") = "TimeOffManager", "TimeOffManager\TimeOffManager.csproj", "{53704CB2-304C-4F38-807D-6B7274C8018F}"
EndProject
Project("{FAE04EC0-301F-11D3-BF4B-00C04F79EFBC}") = "TimeOffManager.Test", "TimeOffManager.Test\TimeOffManager.Test.csproj", "{00B6EFD9-A3AE-4513-A8AF-DA49046036A0}"
EndProject
Global
	GlobalSection(SolutionConfigurationPlatforms) = preSolution
		Debug|Any CPU = Debug|Any CPU
		Release|Any CPU = Release|Any CPU
	EndGlobalSection
	GlobalSection(ProjectConfigurationPlatforms) = postSolution
		{53704CB2-304C-4F38-807D-6B7274C8018F}.Debug|Any CPU.ActiveCfg = Debug|Any CPU
		{53704CB2-304C-4F38-807D-6B7274C8018F}.Debug|Any CPU.Build.0 = Debug|Any CPU
		{53704CB2-304C-4F38-807D-6B7274C8018F}.Release|Any CPU.ActiveCfg = Release|Any CPU
		{53704CB2-304C-4F38-807D-6B7274C8018F}.Release|Any CPU.Build.0 = Release|Any CPU
		{00B6EFD9-A3AE-4513-A8AF-DA49046036A0}.Debug|Any CPU.ActiveCfg = Debug|Any CPU
		{00B6EFD9-A3AE-4513-A8AF-DA49046036A0}.Debug|Any CPU.Build.0 = Debug|Any CPU
		{00B6EFD9-A3AE-4513-A8AF-DA49046036A0}.Release|Any CPU.ActiveCfg = Release|Any CPU
		{00B6EFD9-A3AE-4513-A8AF-DA49046036A0}.Release|Any CPU.Build.0 = Release|Any CPU
	EndGlobalSection
	GlobalSection(SolutionProperties) = preSolution
		HideSolutionNode = FALSE
	EndGlobalSection
	GlobalSection(ExtensibilityGlobals) = postSolution
		SolutionGuid = {1266F968-E547-4F5C-A7A6-3C9CBED3A2CF}
	EndGlobalSection
EndGlobal
